uuid: 69f4c8b4-84b6-47a4-b2a6-ed7531e82cd3
langcode: en
status: false
dependencies: {  }
active_version: 9eea215a62e33427
versioned_properties:
  active:
    settings:
      default_settings:
        id: page_title_block
        label: 'Page title'
        label_display: '0'
        provider: core
    fallback_metadata:
      slot_definitions: null
label: 'Page title'
id: block.page_title_block
provider: core
source: block
source_local_id: page_title_block
