uuid: 69ac5131-79b4-4c08-8c97-4fdb5d36434b
langcode: en
status: false
dependencies:
  module:
    - system
active_version: b789a990528fd1b0
versioned_properties:
  active:
    settings:
      default_settings:
        id: system_clear_cache_block
        label: 'Clear cache'
        label_display: '0'
        provider: system
    fallback_metadata:
      slot_definitions: null
label: 'Clear cache'
id: block.system_clear_cache_block
provider: system
source: block
source_local_id: system_clear_cache_block
