uuid: 32fcf3d9-126f-4c4b-82b6-e75fa2242b63
langcode: en
status: true
dependencies:
  module:
    - system
active_version: 5d275553b2355691
versioned_properties:
  active:
    settings:
      default_settings:
        id: system_powered_by_block
        label: 'Powered by Drupal'
        label_display: '0'
        provider: system
    fallback_metadata:
      slot_definitions: null
label: 'Powered by Drupal'
id: block.system_powered_by_block
provider: system
source: block
source_local_id: system_powered_by_block
